
Microsoft Visual Studio Solution File, Format Version 12.00
# Visual Studio 15
VisualStudioVersion = 15.0.28307.136
MinimumVisualStudioVersion = 10.0.40219.1
Project("{FAE04EC0-301F-11D3-BF4B-00C04F79EFBC}") = "GifMaker", "GifMaker\GifMaker.csproj", "{D98ADEAA-312B-4346-BFCB-66F4CCE4FF2D}"
EndProject
Global
	GlobalSection(SolutionConfigurationPlatforms) = preSolution
		Debug|Any CPU = Debug|Any CPU
		Debug|x64 = Debug|x64
		Debug|x86 = Debug|x86
		Release|Any CPU = Release|Any CPU
		Release|x64 = Release|x64
		Release|x86 = Release|x86
	EndGlobalSection
	GlobalSection(ProjectConfigurationPlatforms) = postSolution
		{D98ADEAA-312B-4346-BFCB-66F4CCE4FF2D}.Debug|Any CPU.ActiveCfg = Debug|Any CPU
		{D98ADEAA-312B-4346-BFCB-66F4CCE4FF2D}.Debug|Any CPU.Build.0 = Debug|Any CPU
		{D98ADEAA-312B-4346-BFCB-66F4CCE4FF2D}.Debug|x64.ActiveCfg = Debug|Any CPU
		{D98ADEAA-312B-4346-BFCB-66F4CCE4FF2D}.Debug|x64.Build.0 = Debug|Any CPU
		{D98ADEAA-312B-4346-BFCB-66F4CCE4FF2D}.Debug|x86.ActiveCfg = Debug|Any CPU
		{D98ADEAA-312B-4346-BFCB-66F4CCE4FF2D}.Debug|x86.Build.0 = Debug|Any CPU
		{D98ADEAA-312B-4346-BFCB-66F4CCE4FF2D}.Release|Any CPU.ActiveCfg = Release|Any CPU
		{D98ADEAA-312B-4346-BFCB-66F4CCE4FF2D}.Release|Any CPU.Build.0 = Release|Any CPU
		{D98ADEAA-312B-4346-BFCB-66F4CCE4FF2D}.Release|x64.ActiveCfg = Release|Any CPU
		{D98ADEAA-312B-4346-BFCB-66F4CCE4FF2D}.Release|x64.Build.0 = Release|Any CPU
		{D98ADEAA-312B-4346-BFCB-66F4CCE4FF2D}.Release|x86.ActiveCfg = Release|Any CPU
		{D98ADEAA-312B-4346-BFCB-66F4CCE4FF2D}.Release|x86.Build.0 = Release|Any CPU
	EndGlobalSection
	GlobalSection(SolutionProperties) = preSolution
		HideSolutionNode = FALSE
	EndGlobalSection
	GlobalSection(ExtensibilityGlobals) = postSolution
		SolutionGuid = {51274923-DEAD-4BE3-8455-6C1748DF4FAD}
	EndGlobalSection
EndGlobal
